{
    "_readme": [
        "This file locks the dependencies of your project to a known state",
        "Read more about it at https://getcomposer.org/doc/01-basic-usage.md#installing-dependencies",
        "This file is @generated automatically"
    ],
    "content-hash": "464ad1c20ebbdeb051565af9826419e1",
    "packages": [
        {
            "name": "conekta/conekta-php",
            "version": "v4.0.1",
            "source": {
                "type": "git",
                "url": "https://github.com/conekta/conekta-php.git",
                "reference": "cd1bb3f1395b0882dde37f3b534974e979845bc0"
            },
            "dist": {
                "type": "zip",
                "url": "https://api.github.com/repos/conekta/conekta-php/zipball/cd1bb3f1395b0882dde37f3b534974e979845bc0",
                "reference": "cd1bb3f1395b0882dde37f3b534974e979845bc0",
                "shasum": ""
            },
            "require": {
                "ext-curl": "*",
                "ext-json": "*",
                "ext-mbstring": "*",
                "php": ">=5.3"
            },
            "require-dev": {
                "phpunit/phpunit": "*"
            },
            "type": "library",
            "autoload": {
                "classmap": [
                    "lib/Conekta/"
                ]
            },
            "notification-url": "https://packagist.org/downloads/",
            "license": [
                "MIT"
            ],
            "authors": [
                {
                    "name": "Conekta  and contributors",
                    "homepage": "https://github.com/conekta/conekta-php/contributors"
                }
            ],
            "description": "Conekta PHP Library",
            "homepage": "https://www.conekta.io/",
            "keywords": [
                "api",
                "conekta",
                "payment processing"
            ],
            "support": {
                "issues": "https://github.com/conekta/conekta-php/issues",
                "source": "https://github.com/conekta/conekta-php/tree/v4.0.1"
            },
            "time": "2017-12-29T23:33:05+00:00"
        }
    ],
    "packages-dev": [],
    "aliases": [],
    "minimum-stability": "stable",
    "stability-flags": [],
    "prefer-stable": false,
    "prefer-lowest": false,
    "platform": [],
    "platform-dev": [],
    "plugin-api-version": "2.2.0"
}
